
Microsoft Visual Studio Solution File, Format Version 12.00
# Visual Studio 15
VisualStudioVersion = 15.0.27130.2036
MinimumVisualStudioVersion = 10.0.40219.1
Project("{FAE04EC0-301F-11D3-BF4B-00C04F79EFBC}") = "TekkenApp.Android", "TekkenApp\TekkenApp.Android\TekkenApp.Android.csproj", "{25D0BF16-D823-4B49-A15B-C3F99830E5FB}"
EndProject
Project("{FAE04EC0-301F-11D3-BF4B-00C04F79EFBC}") = "TekkenApp.iOS", "TekkenApp\TekkenApp.iOS\TekkenApp.iOS.csproj", "{69982051-9413-486F-8804-626D96252485}"
EndProject
Project("{FAE04EC0-301F-11D3-BF4B-00C04F79EFBC}") = "TekkenApp.UWP", "TekkenApp\TekkenApp.UWP\TekkenApp.UWP.csproj", "{CF409B53-52F7-4180-A356-4CDE8BC4419A}"
EndProject
Project("{FAE04EC0-301F-11D3-BF4B-00C04F79EFBC}") = "TekkenApp", "TekkenApp\TekkenApp\TekkenApp.csproj", "{B6B6EFF8-5EDC-4002-BB7D-2D1EFFE24217}"
EndProject
Global
	GlobalSection(SolutionConfigurationPlatforms) = preSolution
		Ad-Hoc|Any CPU = Ad-Hoc|Any CPU
		Ad-Hoc|ARM = Ad-Hoc|ARM
		Ad-Hoc|iPhone = Ad-Hoc|iPhone
		Ad-Hoc|iPhoneSimulator = Ad-Hoc|iPhoneSimulator
		Ad-Hoc|x64 = Ad-Hoc|x64
		Ad-Hoc|x86 = Ad-Hoc|x86
		AppStore|Any CPU = AppStore|Any CPU
		AppStore|ARM = AppStore|ARM
		AppStore|iPhone = AppStore|iPhone
		AppStore|iPhoneSimulator = AppStore|iPhoneSimulator
		AppStore|x64 = AppStore|x64
		AppStore|x86 = AppStore|x86
		Debug|Any CPU = Debug|Any CPU
		Debug|ARM = Debug|ARM
		Debug|iPhone = Debug|iPhone
		Debug|iPhoneSimulator = Debug|iPhoneSimulator
		Debug|x64 = Debug|x64
		Debug|x86 = Debug|x86
		Release|Any CPU = Release|Any CPU
		Release|ARM = Release|ARM
		Release|iPhone = Release|iPhone
		Release|iPhoneSimulator = Release|iPhoneSimulator
		Release|x64 = Release|x64
		Release|x86 = Release|x86
	EndGlobalSection
	GlobalSection(ProjectConfigurationPlatforms) = postSolution
		{25D0BF16-D823-4B49-A15B-C3F99830E5FB}.Ad-Hoc|Any CPU.ActiveCfg = Release|Any CPU
		{25D0BF16-D823-4B49-A15B-C3F99830E5FB}.Ad-Hoc|Any CPU.Build.0 = Release|Any CPU
		{25D0BF16-D823-4B49-A15B-C3F99830E5FB}.Ad-Hoc|Any CPU.Deploy.0 = Release|Any CPU
		{25D0BF16-D823-4B49-A15B-C3F99830E5FB}.Ad-Hoc|ARM.ActiveCfg = Release|Any CPU
		{25D0BF16-D823-4B49-A15B-C3F99830E5FB}.Ad-Hoc|ARM.Build.0 = Release|Any CPU
		{25D0BF16-D823-4B49-A15B-C3F99830E5FB}.Ad-Hoc|ARM.Deploy.0 = Release|Any CPU
		{25D0BF16-D823-4B49-A15B-C3F99830E5FB}.Ad-Hoc|iPhone.ActiveCfg = Release|Any CPU
		{25D0BF16-D823-4B49-A15B-C3F99830E5FB}.Ad-Hoc|iPhone.Build.0 = Release|Any CPU
		{25D0BF16-D823-4B49-A15B-C3F99830E5FB}.Ad-Hoc|iPhone.Deploy.0 = Release|Any CPU
		{25D0BF16-D823-4B49-A15B-C3F99830E5FB}.Ad-Hoc|iPhoneSimulator.ActiveCfg = Release|Any CPU
		{25D0BF16-D823-4B49-A15B-C3F99830E5FB}.Ad-Hoc|iPhoneSimulator.Build.0 = Release|Any CPU
		{25D0BF16-D823-4B49-A15B-C3F99830E5FB}.Ad-Hoc|iPhoneSimulator.Deploy.0 = Release|Any CPU
		{25D0BF16-D823-4B49-A15B-C3F99830E5FB}.Ad-Hoc|x64.ActiveCfg = Release|Any CPU
		{25D0BF16-D823-4B49-A15B-C3F99830E5FB}.Ad-Hoc|x64.Build.0 = Release|Any CPU
		{25D0BF16-D823-4B49-A15B-C3F99830E5FB}.Ad-Hoc|x64.Deploy.0 = Release|Any CPU
		{25D0BF16-D823-4B49-A15B-C3F99830E5FB}.Ad-Hoc|x86.ActiveCfg = Release|Any CPU
		{25D0BF16-D823-4B49-A15B-C3F99830E5FB}.Ad-Hoc|x86.Build.0 = Release|Any CPU
		{25D0BF16-D823-4B49-A15B-C3F99830E5FB}.Ad-Hoc|x86.Deploy.0 = Release|Any CPU
		{25D0BF16-D823-4B49-A15B-C3F99830E5FB}.AppStore|Any CPU.ActiveCfg = Release|Any CPU
		{25D0BF16-D823-4B49-A15B-C3F99830E5FB}.AppStore|Any CPU.Build.0 = Release|Any CPU
		{25D0BF16-D823-4B49-A15B-C3F99830E5FB}.AppStore|Any CPU.Deploy.0 = Release|Any CPU
		{25D0BF16-D823-4B49-A15B-C3F99830E5FB}.AppStore|ARM.ActiveCfg = Release|Any CPU
		{25D0BF16-D823-4B49-A15B-C3F99830E5FB}.AppStore|ARM.Build.0 = Release|Any CPU
		{25D0BF16-D823-4B49-A15B-C3F99830E5FB}.AppStore|ARM.Deploy.0 = Release|Any CPU
		{25D0BF16-D823-4B49-A15B-C3F99830E5FB}.AppStore|iPhone.ActiveCfg = Release|Any CPU
		{25D0BF16-D823-4B49-A15B-C3F99830E5FB}.AppStore|iPhone.Build.0 = Release|Any CPU
		{25D0BF16-D823-4B49-A15B-C3F99830E5FB}.AppStore|iPhone.Deploy.0 = Release|Any CPU
		{25D0BF16-D823-4B49-A15B-C3F99830E5FB}.AppStore|iPhoneSimulator.ActiveCfg = Release|Any CPU
		{25D0BF16-D823-4B49-A15B-C3F99830E5FB}.AppStore|iPhoneSimulator.Build.0 = Release|Any CPU
		{25D0BF16-D823-4B49-A15B-C3F99830E5FB}.AppStore|iPhoneSimulator.Deploy.0 = Release|Any CPU
		{25D0BF16-D823-4B49-A15B-C3F99830E5FB}.AppStore|x64.ActiveCfg = Release|Any CPU
		{25D0BF16-D823-4B49-A15B-C3F99830E5FB}.AppStore|x64.Build.0 = Release|Any CPU
		{25D0BF16-D823-4B49-A15B-C3F99830E5FB}.AppStore|x64.Deploy.0 = Release|Any CPU
		{25D0BF16-D823-4B49-A15B-C3F99830E5FB}.AppStore|x86.ActiveCfg = Release|Any CPU
		{25D0BF16-D823-4B49-A15B-C3F99830E5FB}.AppStore|x86.Build.0 = Release|Any CPU
		{25D0BF16-D823-4B49-A15B-C3F99830E5FB}.AppStore|x86.Deploy.0 = Release|Any CPU
		{25D0BF16-D823-4B49-A15B-C3F99830E5FB}.Debug|Any CPU.ActiveCfg = Debug|Any CPU
		{25D0BF16-D823-4B49-A15B-C3F99830E5FB}.Debug|Any CPU.Build.0 = Debug|Any CPU
		{25D0BF16-D823-4B49-A15B-C3F99830E5FB}.Debug|Any CPU.Deploy.0 = Debug|Any CPU
		{25D0BF16-D823-4B49-A15B-C3F99830E5FB}.Debug|ARM.ActiveCfg = Debug|Any CPU
		{25D0BF16-D823-4B49-A15B-C3F99830E5FB}.Debug|ARM.Build.0 = Debug|Any CPU
		{25D0BF16-D823-4B49-A15B-C3F99830E5FB}.Debug|ARM.Deploy.0 = Debug|Any CPU
		{25D0BF16-D823-4B49-A15B-C3F99830E5FB}.Debug|iPhone.ActiveCfg = Debug|Any CPU
		{25D0BF16-D823-4B49-A15B-C3F99830E5FB}.Debug|iPhone.Build.0 = Debug|Any CPU
		{25D0BF16-D823-4B49-A15B-C3F99830E5FB}.Debug|iPhone.Deploy.0 = Debug|Any CPU
		{25D0BF16-D823-4B49-A15B-C3F99830E5FB}.Debug|iPhoneSimulator.ActiveCfg = Debug|Any CPU
		{25D0BF16-D823-4B49-A15B-C3F99830E5FB}.Debug|iPhoneSimulator.Build.0 = Debug|Any CPU
		{25D0BF16-D823-4B49-A15B-C3F99830E5FB}.Debug|iPhoneSimulator.Deploy.0 = Debug|Any CPU
		{25D0BF16-D823-4B49-A15B-C3F99830E5FB}.Debug|x64.ActiveCfg = Debug|Any CPU
		{25D0BF16-D823-4B49-A15B-C3F99830E5FB}.Debug|x64.Build.0 = Debug|Any CPU
		{25D0BF16-D823-4B49-A15B-C3F99830E5FB}.Debug|x64.Deploy.0 = Debug|Any CPU
		{25D0BF16-D823-4B49-A15B-C3F99830E5FB}.Debug|x86.ActiveCfg = Debug|Any CPU
		{25D0BF16-D823-4B49-A15B-C3F99830E5FB}.Debug|x86.Build.0 = Debug|Any CPU
		{25D0BF16-D823-4B49-A15B-C3F99830E5FB}.Debug|x86.Deploy.0 = Debug|Any CPU
		{25D0BF16-D823-4B49-A15B-C3F99830E5FB}.Release|Any CPU.ActiveCfg = Release|Any CPU
		{25D0BF16-D823-4B49-A15B-C3F99830E5FB}.Release|Any CPU.Build.0 = Release|Any CPU
		{25D0BF16-D823-4B49-A15B-C3F99830E5FB}.Release|Any CPU.Deploy.0 = Release|Any CPU
		{25D0BF16-D823-4B49-A15B-C3F99830E5FB}.Release|ARM.ActiveCfg = Release|Any CPU
		{25D0BF16-D823-4B49-A15B-C3F99830E5FB}.Release|ARM.Build.0 = Release|Any CPU
		{25D0BF16-D823-4B49-A15B-C3F99830E5FB}.Release|ARM.Deploy.0 = Release|Any CPU
		{25D0BF16-D823-4B49-A15B-C3F99830E5FB}.Release|iPhone.ActiveCfg = Release|Any CPU
		{25D0BF16-D823-4B49-A15B-C3F99830E5FB}.Release|iPhone.Build.0 = Release|Any CPU
		{25D0BF16-D823-4B49-A15B-C3F99830E5FB}.Release|iPhone.Deploy.0 = Release|Any CPU
		{25D0BF16-D823-4B49-A15B-C3F99830E5FB}.Release|iPhoneSimulator.ActiveCfg = Release|Any CPU
		{25D0BF16-D823-4B49-A15B-C3F99830E5FB}.Release|iPhoneSimulator.Build.0 = Release|Any CPU
		{25D0BF16-D823-4B49-A15B-C3F99830E5FB}.Release|iPhoneSimulator.Deploy.0 = Release|Any CPU
		{25D0BF16-D823-4B49-A15B-C3F99830E5FB}.Release|x64.ActiveCfg = Release|Any CPU
		{25D0BF16-D823-4B49-A15B-C3F99830E5FB}.Release|x64.Build.0 = Release|Any CPU
		{25D0BF16-D823-4B49-A15B-C3F99830E5FB}.Release|x64.Deploy.0 = Release|Any CPU
		{25D0BF16-D823-4B49-A15B-C3F99830E5FB}.Release|x86.ActiveCfg = Release|Any CPU
		{25D0BF16-D823-4B49-A15B-C3F99830E5FB}.Release|x86.Build.0 = Release|Any CPU
		{25D0BF16-D823-4B49-A15B-C3F99830E5FB}.Release|x86.Deploy.0 = Release|Any CPU
		{69982051-9413-486F-8804-626D96252485}.Ad-Hoc|Any CPU.ActiveCfg = Ad-Hoc|iPhone
		{69982051-9413-486F-8804-626D96252485}.Ad-Hoc|ARM.ActiveCfg = Ad-Hoc|iPhone
		{69982051-9413-486F-8804-626D96252485}.Ad-Hoc|iPhone.ActiveCfg = Ad-Hoc|iPhone
		{69982051-9413-486F-8804-626D96252485}.Ad-Hoc|iPhone.Build.0 = Ad-Hoc|iPhone
		{69982051-9413-486F-8804-626D96252485}.Ad-Hoc|iPhoneSimulator.ActiveCfg = Ad-Hoc|iPhoneSimulator
		{69982051-9413-486F-8804-626D96252485}.Ad-Hoc|iPhoneSimulator.Build.0 = Ad-Hoc|iPhoneSimulator
		{69982051-9413-486F-8804-626D96252485}.Ad-Hoc|x64.ActiveCfg = Ad-Hoc|iPhone
		{69982051-9413-486F-8804-626D96252485}.Ad-Hoc|x86.ActiveCfg = Ad-Hoc|iPhone
		{69982051-9413-486F-8804-626D96252485}.AppStore|Any CPU.ActiveCfg = AppStore|iPhone
		{69982051-9413-486F-8804-626D96252485}.AppStore|ARM.ActiveCfg = AppStore|iPhone
		{69982051-9413-486F-8804-626D96252485}.AppStore|iPhone.ActiveCfg = AppStore|iPhone
		{69982051-9413-486F-8804-626D96252485}.AppStore|iPhone.Build.0 = AppStore|iPhone
		{69982051-9413-486F-8804-626D96252485}.AppStore|iPhoneSimulator.ActiveCfg = AppStore|iPhoneSimulator
		{69982051-9413-486F-8804-626D96252485}.AppStore|iPhoneSimulator.Build.0 = AppStore|iPhoneSimulator
		{69982051-9413-486F-8804-626D96252485}.AppStore|x64.ActiveCfg = AppStore|iPhone
		{69982051-9413-486F-8804-626D96252485}.AppStore|x86.ActiveCfg = AppStore|iPhone
		{69982051-9413-486F-8804-626D96252485}.Debug|Any CPU.ActiveCfg = Debug|iPhone
		{69982051-9413-486F-8804-626D96252485}.Debug|ARM.ActiveCfg = Debug|iPhone
		{69982051-9413-486F-8804-626D96252485}.Debug|iPhone.ActiveCfg = Debug|iPhone
		{69982051-9413-486F-8804-626D96252485}.Debug|iPhone.Build.0 = Debug|iPhone
		{69982051-9413-486F-8804-626D96252485}.Debug|iPhoneSimulator.ActiveCfg = Debug|iPhoneSimulator
		{69982051-9413-486F-8804-626D96252485}.Debug|iPhoneSimulator.Build.0 = Debug|iPhoneSimulator
		{69982051-9413-486F-8804-626D96252485}.Debug|x64.ActiveCfg = Debug|iPhone
		{69982051-9413-486F-8804-626D96252485}.Debug|x86.ActiveCfg = Debug|iPhone
		{69982051-9413-486F-8804-626D96252485}.Release|Any CPU.ActiveCfg = Release|iPhone
		{69982051-9413-486F-8804-626D96252485}.Release|ARM.ActiveCfg = Release|iPhone
		{69982051-9413-486F-8804-626D96252485}.Release|iPhone.ActiveCfg = Release|iPhone
		{69982051-9413-486F-8804-626D96252485}.Release|iPhone.Build.0 = Release|iPhone
		{69982051-9413-486F-8804-626D96252485}.Release|iPhoneSimulator.ActiveCfg = Release|iPhoneSimulator
		{69982051-9413-486F-8804-626D96252485}.Release|iPhoneSimulator.Build.0 = Release|iPhoneSimulator
		{69982051-9413-486F-8804-626D96252485}.Release|x64.ActiveCfg = Release|iPhone
		{69982051-9413-486F-8804-626D96252485}.Release|x86.ActiveCfg = Release|iPhone
		{CF409B53-52F7-4180-A356-4CDE8BC4419A}.Ad-Hoc|Any CPU.ActiveCfg = Release|x86
		{CF409B53-52F7-4180-A356-4CDE8BC4419A}.Ad-Hoc|Any CPU.Build.0 = Release|x86
		{CF409B53-52F7-4180-A356-4CDE8BC4419A}.Ad-Hoc|Any CPU.Deploy.0 = Release|x86
		{CF409B53-52F7-4180-A356-4CDE8BC4419A}.Ad-Hoc|ARM.ActiveCfg = Release|ARM
		{CF409B53-52F7-4180-A356-4CDE8BC4419A}.Ad-Hoc|ARM.Build.0 = Release|ARM
		{CF409B53-52F7-4180-A356-4CDE8BC4419A}.Ad-Hoc|ARM.Deploy.0 = Release|ARM
		{CF409B53-52F7-4180-A356-4CDE8BC4419A}.Ad-Hoc|iPhone.ActiveCfg = Release|x86
		{CF409B53-52F7-4180-A356-4CDE8BC4419A}.Ad-Hoc|iPhone.Build.0 = Release|x86
		{CF409B53-52F7-4180-A356-4CDE8BC4419A}.Ad-Hoc|iPhone.Deploy.0 = Release|x86
		{CF409B53-52F7-4180-A356-4CDE8BC4419A}.Ad-Hoc|iPhoneSimulator.ActiveCfg = Release|x86
		{CF409B53-52F7-4180-A356-4CDE8BC4419A}.Ad-Hoc|iPhoneSimulator.Build.0 = Release|x86
		{CF409B53-52F7-4180-A356-4CDE8BC4419A}.Ad-Hoc|iPhoneSimulator.Deploy.0 = Release|x86
		{CF409B53-52F7-4180-A356-4CDE8BC4419A}.Ad-Hoc|x64.ActiveCfg = Release|x64
		{CF409B53-52F7-4180-A356-4CDE8BC4419A}.Ad-Hoc|x64.Build.0 = Release|x64
		{CF409B53-52F7-4180-A356-4CDE8BC4419A}.Ad-Hoc|x64.Deploy.0 = Release|x64
		{CF409B53-52F7-4180-A356-4CDE8BC4419A}.Ad-Hoc|x86.ActiveCfg = Release|x86
		{CF409B53-52F7-4180-A356-4CDE8BC4419A}.Ad-Hoc|x86.Build.0 = Release|x86
		{CF409B53-52F7-4180-A356-4CDE8BC4419A}.Ad-Hoc|x86.Deploy.0 = Release|x86
		{CF409B53-52F7-4180-A356-4CDE8BC4419A}.AppStore|Any CPU.ActiveCfg = Release|x86
		{CF409B53-52F7-4180-A356-4CDE8BC4419A}.AppStore|Any CPU.Build.0 = Release|x86
		{CF409B53-52F7-4180-A356-4CDE8BC4419A}.AppStore|Any CPU.Deploy.0 = Release|x86
		{CF409B53-52F7-4180-A356-4CDE8BC4419A}.AppStore|ARM.ActiveCfg = Release|ARM
		{CF409B53-52F7-4180-A356-4CDE8BC4419A}.AppStore|ARM.Build.0 = Release|ARM
		{CF409B53-52F7-4180-A356-4CDE8BC4419A}.AppStore|ARM.Deploy.0 = Release|ARM
		{CF409B53-52F7-4180-A356-4CDE8BC4419A}.AppStore|iPhone.ActiveCfg = Release|x86
		{CF409B53-52F7-4180-A356-4CDE8BC4419A}.AppStore|iPhone.Build.0 = Release|x86
		{CF409B53-52F7-4180-A356-4CDE8BC4419A}.AppStore|iPhone.Deploy.0 = Release|x86
		{CF409B53-52F7-4180-A356-4CDE8BC4419A}.AppStore|iPhoneSimulator.ActiveCfg = Release|x86
		{CF409B53-52F7-4180-A356-4CDE8BC4419A}.AppStore|iPhoneSimulator.Build.0 = Release|x86
		{CF409B53-52F7-4180-A356-4CDE8BC4419A}.AppStore|iPhoneSimulator.Deploy.0 = Release|x86
		{CF409B53-52F7-4180-A356-4CDE8BC4419A}.AppStore|x64.ActiveCfg = Release|x64
		{CF409B53-52F7-4180-A356-4CDE8BC4419A}.AppStore|x64.Build.0 = Release|x64
		{CF409B53-52F7-4180-A356-4CDE8BC4419A}.AppStore|x64.Deploy.0 = Release|x64
		{CF409B53-52F7-4180-A356-4CDE8BC4419A}.AppStore|x86.ActiveCfg = Release|x86
		{CF409B53-52F7-4180-A356-4CDE8BC4419A}.AppStore|x86.Build.0 = Release|x86
		{CF409B53-52F7-4180-A356-4CDE8BC4419A}.AppStore|x86.Deploy.0 = Release|x86
		{CF409B53-52F7-4180-A356-4CDE8BC4419A}.Debug|Any CPU.ActiveCfg = Debug|x86
		{CF409B53-52F7-4180-A356-4CDE8BC4419A}.Debug|ARM.ActiveCfg = Debug|ARM
		{CF409B53-52F7-4180-A356-4CDE8BC4419A}.Debug|ARM.Build.0 = Debug|ARM
		{CF409B53-52F7-4180-A356-4CDE8BC4419A}.Debug|ARM.Deploy.0 = Debug|ARM
		{CF409B53-52F7-4180-A356-4CDE8BC4419A}.Debug|iPhone.ActiveCfg = Debug|x86
		{CF409B53-52F7-4180-A356-4CDE8BC4419A}.Debug|iPhoneSimulator.ActiveCfg = Debug|x86
		{CF409B53-52F7-4180-A356-4CDE8BC4419A}.Debug|x64.ActiveCfg = Debug|x64
		{CF409B53-52F7-4180-A356-4CDE8BC4419A}.Debug|x64.Build.0 = Debug|x64
		{CF409B53-52F7-4180-A356-4CDE8BC4419A}.Debug|x64.Deploy.0 = Debug|x64
		{CF409B53-52F7-4180-A356-4CDE8BC4419A}.Debug|x86.ActiveCfg = Debug|x86
		{CF409B53-52F7-4180-A356-4CDE8BC4419A}.Debug|x86.Build.0 = Debug|x86
		{CF409B53-52F7-4180-A356-4CDE8BC4419A}.Debug|x86.Deploy.0 = Debug|x86
		{CF409B53-52F7-4180-A356-4CDE8BC4419A}.Release|Any CPU.ActiveCfg = Release|x86
		{CF409B53-52F7-4180-A356-4CDE8BC4419A}.Release|ARM.ActiveCfg = Release|ARM
		{CF409B53-52F7-4180-A356-4CDE8BC4419A}.Release|ARM.Build.0 = Release|ARM
		{CF409B53-52F7-4180-A356-4CDE8BC4419A}.Release|ARM.Deploy.0 = Release|ARM
		{CF409B53-52F7-4180-A356-4CDE8BC4419A}.Release|iPhone.ActiveCfg = Release|x86
		{CF409B53-52F7-4180-A356-4CDE8BC4419A}.Release|iPhoneSimulator.ActiveCfg = Release|x86
		{CF409B53-52F7-4180-A356-4CDE8BC4419A}.Release|x64.ActiveCfg = Release|x64
		{CF409B53-52F7-4180-A356-4CDE8BC4419A}.Release|x64.Build.0 = Release|x64
		{CF409B53-52F7-4180-A356-4CDE8BC4419A}.Release|x64.Deploy.0 = Release|x64
		{CF409B53-52F7-4180-A356-4CDE8BC4419A}.Release|x86.ActiveCfg = Release|x86
		{CF409B53-52F7-4180-A356-4CDE8BC4419A}.Release|x86.Build.0 = Release|x86
		{CF409B53-52F7-4180-A356-4CDE8BC4419A}.Release|x86.Deploy.0 = Release|x86
		{B6B6EFF8-5EDC-4002-BB7D-2D1EFFE24217}.Ad-Hoc|Any CPU.ActiveCfg = Debug|Any CPU
		{B6B6EFF8-5EDC-4002-BB7D-2D1EFFE24217}.Ad-Hoc|Any CPU.Build.0 = Debug|Any CPU
		{B6B6EFF8-5EDC-4002-BB7D-2D1EFFE24217}.Ad-Hoc|ARM.ActiveCfg = Debug|Any CPU
		{B6B6EFF8-5EDC-4002-BB7D-2D1EFFE24217}.Ad-Hoc|ARM.Build.0 = Debug|Any CPU
		{B6B6EFF8-5EDC-4002-BB7D-2D1EFFE24217}.Ad-Hoc|iPhone.ActiveCfg = Debug|Any CPU
		{B6B6EFF8-5EDC-4002-BB7D-2D1EFFE24217}.Ad-Hoc|iPhone.Build.0 = Debug|Any CPU
		{B6B6EFF8-5EDC-4002-BB7D-2D1EFFE24217}.Ad-Hoc|iPhoneSimulator.ActiveCfg = Debug|Any CPU
		{B6B6EFF8-5EDC-4002-BB7D-2D1EFFE24217}.Ad-Hoc|iPhoneSimulator.Build.0 = Debug|Any CPU
		{B6B6EFF8-5EDC-4002-BB7D-2D1EFFE24217}.Ad-Hoc|x64.ActiveCfg = Debug|Any CPU
		{B6B6EFF8-5EDC-4002-BB7D-2D1EFFE24217}.Ad-Hoc|x64.Build.0 = Debug|Any CPU
		{B6B6EFF8-5EDC-4002-BB7D-2D1EFFE24217}.Ad-Hoc|x86.ActiveCfg = Debug|Any CPU
		{B6B6EFF8-5EDC-4002-BB7D-2D1EFFE24217}.Ad-Hoc|x86.Build.0 = Debug|Any CPU
		{B6B6EFF8-5EDC-4002-BB7D-2D1EFFE24217}.AppStore|Any CPU.ActiveCfg = Debug|Any CPU
		{B6B6EFF8-5EDC-4002-BB7D-2D1EFFE24217}.AppStore|Any CPU.Build.0 = Debug|Any CPU
		{B6B6EFF8-5EDC-4002-BB7D-2D1EFFE24217}.AppStore|ARM.ActiveCfg = Debug|Any CPU
		{B6B6EFF8-5EDC-4002-BB7D-2D1EFFE24217}.AppStore|ARM.Build.0 = Debug|Any CPU
		{B6B6EFF8-5EDC-4002-BB7D-2D1EFFE24217}.AppStore|iPhone.ActiveCfg = Debug|Any CPU
		{B6B6EFF8-5EDC-4002-BB7D-2D1EFFE24217}.AppStore|iPhone.Build.0 = Debug|Any CPU
		{B6B6EFF8-5EDC-4002-BB7D-2D1EFFE24217}.AppStore|iPhoneSimulator.ActiveCfg = Debug|Any CPU
		{B6B6EFF8-5EDC-4002-BB7D-2D1EFFE24217}.AppStore|iPhoneSimulator.Build.0 = Debug|Any CPU
		{B6B6EFF8-5EDC-4002-BB7D-2D1EFFE24217}.AppStore|x64.ActiveCfg = Debug|Any CPU
		{B6B6EFF8-5EDC-4002-BB7D-2D1EFFE24217}.AppStore|x64.Build.0 = Debug|Any CPU
		{B6B6EFF8-5EDC-4002-BB7D-2D1EFFE24217}.AppStore|x86.ActiveCfg = Debug|Any CPU
		{B6B6EFF8-5EDC-4002-BB7D-2D1EFFE24217}.AppStore|x86.Build.0 = Debug|Any CPU
		{B6B6EFF8-5EDC-4002-BB7D-2D1EFFE24217}.Debug|Any CPU.ActiveCfg = Debug|Any CPU
		{B6B6EFF8-5EDC-4002-BB7D-2D1EFFE24217}.Debug|Any CPU.Build.0 = Debug|Any CPU
		{B6B6EFF8-5EDC-4002-BB7D-2D1EFFE24217}.Debug|ARM.ActiveCfg = Debug|Any CPU
		{B6B6EFF8-5EDC-4002-BB7D-2D1EFFE24217}.Debug|ARM.Build.0 = Debug|Any CPU
		{B6B6EFF8-5EDC-4002-BB7D-2D1EFFE24217}.Debug|iPhone.ActiveCfg = Debug|Any CPU
		{B6B6EFF8-5EDC-4002-BB7D-2D1EFFE24217}.Debug|iPhone.Build.0 = Debug|Any CPU
		{B6B6EFF8-5EDC-4002-BB7D-2D1EFFE24217}.Debug|iPhoneSimulator.ActiveCfg = Debug|Any CPU
		{B6B6EFF8-5EDC-4002-BB7D-2D1EFFE24217}.Debug|iPhoneSimulator.Build.0 = Debug|Any CPU
		{B6B6EFF8-5EDC-4002-BB7D-2D1EFFE24217}.Debug|x64.ActiveCfg = Debug|Any CPU
		{B6B6EFF8-5EDC-4002-BB7D-2D1EFFE24217}.Debug|x64.Build.0 = Debug|Any CPU
		{B6B6EFF8-5EDC-4002-BB7D-2D1EFFE24217}.Debug|x86.ActiveCfg = Debug|Any CPU
		{B6B6EFF8-5EDC-4002-BB7D-2D1EFFE24217}.Debug|x86.Build.0 = Debug|Any CPU
		{B6B6EFF8-5EDC-4002-BB7D-2D1EFFE24217}.Release|Any CPU.ActiveCfg = Release|Any CPU
		{B6B6EFF8-5EDC-4002-BB7D-2D1EFFE24217}.Release|Any CPU.Build.0 = Release|Any CPU
		{B6B6EFF8-5EDC-4002-BB7D-2D1EFFE24217}.Release|ARM.ActiveCfg = Release|Any CPU
		{B6B6EFF8-5EDC-4002-BB7D-2D1EFFE24217}.Release|ARM.Build.0 = Release|Any CPU
		{B6B6EFF8-5EDC-4002-BB7D-2D1EFFE24217}.Release|iPhone.ActiveCfg = Release|Any CPU
		{B6B6EFF8-5EDC-4002-BB7D-2D1EFFE24217}.Release|iPhone.Build.0 = Release|Any CPU
		{B6B6EFF8-5EDC-4002-BB7D-2D1EFFE24217}.Release|iPhoneSimulator.ActiveCfg = Release|Any CPU
		{B6B6EFF8-5EDC-4002-BB7D-2D1EFFE24217}.Release|iPhoneSimulator.Build.0 = Release|Any CPU
		{B6B6EFF8-5EDC-4002-BB7D-2D1EFFE24217}.Release|x64.ActiveCfg = Release|Any CPU
		{B6B6EFF8-5EDC-4002-BB7D-2D1EFFE24217}.Release|x64.Build.0 = Release|Any CPU
		{B6B6EFF8-5EDC-4002-BB7D-2D1EFFE24217}.Release|x86.ActiveCfg = Release|Any CPU
		{B6B6EFF8-5EDC-4002-BB7D-2D1EFFE24217}.Release|x86.Build.0 = Release|Any CPU
	EndGlobalSection
	GlobalSection(SolutionProperties) = preSolution
		HideSolutionNode = FALSE
	EndGlobalSection
	GlobalSection(ExtensibilityGlobals) = postSolution
		SolutionGuid = {AC994135-1080-4160-B7F4-CFDC13709E33}
	EndGlobalSection
EndGlobal
